{
  "name": "modular-forms",
  "version": "1.0.0",
  "lockfileVersion": 1,
  "requires": true,
  "dependencies": {
    "autonumeric": {
      "version": "4.6.0",
      "resolved": "https://registry.npmjs.org/autonumeric/-/autonumeric-4.6.0.tgz",
      "integrity": "sha512-bYnD2oD9UMZBTxSWcvXH1MTcp0w+CUBfXe4HI1QJLGzJu+O27Ny5gqzRcFuDsZB9jrZ5SJjqAG0PieJsaUdTcg=="
    },
    "axios": {
      "version": "0.21.1",
      "resolved": "https://registry.npmjs.org/axios/-/axios-0.21.1.tgz",
      "integrity": "sha512-dKQiRHxGD9PPRIUNIWvZhPTPpl1rf/OxTYKsqKUDjBwYylTvV7SjSHJb9ratfyzM6wCdLCOYLzs73qpg5c4iGA==",
      "requires": {
        "follow-redirects": "^1.10.0"
      }
    },
    "bootstrap": {
      "version": "4.6.0",
      "resolved": "https://registry.npmjs.org/bootstrap/-/bootstrap-4.6.0.tgz",
      "integrity": "sha512-Io55IuQY3kydzHtbGvQya3H+KorS/M9rSNyfCGCg9WZ4pyT/lCxIlpJgG1GXW/PswzC84Tr2fBYi+7+jFVQQBw=="
    },
    "bootstrap-datepicker": {
      "version": "1.9.0",
      "resolved": "https://registry.npmjs.org/bootstrap-datepicker/-/bootstrap-datepicker-1.9.0.tgz",
      "integrity": "sha512-9rYYbaVOheGYxjOr/+bJCmRPihfy+LkLSg4fIFMT9Od8WwWB/MB50w0JO1eBgKUMbb7PFHQD5uAfI3ArAxZRXA==",
      "requires": {
        "jquery": ">=1.7.1 <4.0.0"
      }
    },
    "bootstrap-select": {
      "version": "1.13.18",
      "resolved": "https://registry.npmjs.org/bootstrap-select/-/bootstrap-select-1.13.18.tgz",
      "integrity": "sha512-V1IzK4rxBq5FrJtkzSH6RmFLFBsjx50byFbfAf8jYyXROWs7ZpprGjdHeoyq2HSsHyjJhMMwjsQhRoYAfxCGow=="
    },
    "commander": {
      "version": "2.20.3",
      "resolved": "https://registry.npmjs.org/commander/-/commander-2.20.3.tgz",
      "integrity": "sha512-GpVkmM8vF2vQUkj2LvZmD35JxeJOLCwJ9cUkugyk2nuhbv3+mJvpLYYt+0+USMxE+oj+ey/lJEnhZw75x/OMcQ=="
    },
    "flag-icon-css": {
      "version": "3.5.0",
      "resolved": "https://registry.npmjs.org/flag-icon-css/-/flag-icon-css-3.5.0.tgz",
      "integrity": "sha512-pgJnJLrtb0tcDgU1fzGaQXmR8h++nXvILJ+r5SmOXaaL/2pocunQo2a8TAXhjQnBpRLPtZ1KCz/TYpqeNuE2ew=="
    },
    "follow-redirects": {
      "version": "1.13.3",
      "resolved": "https://registry.npmjs.org/follow-redirects/-/follow-redirects-1.13.3.tgz",
      "integrity": "sha512-DUgl6+HDzB0iEptNQEXLx/KhTmDb8tZUHSeLqpnjpknR70H0nC2t9N73BK6fN4hOvJ84pKlIQVQ4k5FFlBedKA=="
    },
    "ieee754": {
      "version": "1.2.1",
      "resolved": "https://registry.npmjs.org/ieee754/-/ieee754-1.2.1.tgz",
      "integrity": "sha512-dcyqhDvX1C46lXZcVqCpK+FtMRQVdIMN6/Df5js2zouUsqG7I6sFxitIC+7KYK29KdXOLHdu9zL4sFnoVQnqaA=="
    },
    "jquery": {
      "version": "3.6.0",
      "resolved": "https://registry.npmjs.org/jquery/-/jquery-3.6.0.tgz",
      "integrity": "sha512-JVzAR/AjBvVt2BmYhxRCSYysDsPcssdmTFnzyLEts9qNwmjmu4JTAMYubEfwVOSwpQ1I1sKKFcxhZCI2buerfw=="
    },
    "leaflet": {
      "version": "1.3.4",
      "resolved": "https://registry.npmjs.org/leaflet/-/leaflet-1.3.4.tgz",
      "integrity": "sha512-FYL1LGFdj6v+2Ifpw+AcFIuIOqjNggfoLUwuwQv6+3sS21Za7Wvapq+LhbSE4NDXrEj6eYnW3y7LsaBICpyXtw=="
    },
    "leaflet.awesome-markers": {
      "version": "2.0.5",
      "resolved": "https://registry.npmjs.org/leaflet.awesome-markers/-/leaflet.awesome-markers-2.0.5.tgz",
      "integrity": "sha512-Ne/xDjkGyaujwNVVkv2tyXQUV0ZW7gZ0Mo0FuQY4jp2qWrvXi0hwDBvmZyF/8YOvybyMabTMM/mFWCTd1jZIQA=="
    },
    "leaflet.markercluster": {
      "version": "1.5.0",
      "resolved": "https://registry.npmjs.org/leaflet.markercluster/-/leaflet.markercluster-1.5.0.tgz",
      "integrity": "sha512-Fvf/cq4o806mJL50n+fZW9+QALDDLPvt7vuAjlD2vfnxx3srMDs2vWINJze4nKYJYRY45OC6tM/669C3pLwMCA=="
    },
    "leaflet.vectorgrid": {
      "version": "1.3.0",
      "resolved": "https://registry.npmjs.org/leaflet.vectorgrid/-/leaflet.vectorgrid-1.3.0.tgz",
      "integrity": "sha512-kWmj1pKM+MVdo/7Mg5zsB3YrGZvo/uIuiANV9MvWUFOG+Y2xAJzrteDhoIcCgTjHSSRJ36xdeGdIQVhuWjnCZw==",
      "requires": {
        "pbf": "^3.0.2",
        "topojson-client": "^2.1.0",
        "vector-tile": "^1.3.0",
        "whatwg-fetch": "^2.0.3"
      }
    },
    "lodash": {
      "version": "4.17.21",
      "resolved": "https://registry.npmjs.org/lodash/-/lodash-4.17.21.tgz",
      "integrity": "sha512-v2kDEe57lecTulaDIuNTPy3Ry4gLGJ6Z1O3vE1krgXZNrsQ+LFTGHVxVjcXPs17LhbZVGedAJv8XZ1tvj5FvSg=="
    },
    "pbf": {
      "version": "3.2.1",
      "resolved": "https://registry.npmjs.org/pbf/-/pbf-3.2.1.tgz",
      "integrity": "sha512-ClrV7pNOn7rtmoQVF4TS1vyU0WhYRnP92fzbfF75jAIwpnzdJXf8iTd4CMEqO4yUenH6NDqLiwjqlh6QgZzgLQ==",
      "requires": {
        "ieee754": "^1.1.12",
        "resolve-protobuf-schema": "^2.1.0"
      }
    },
    "point-geometry": {
      "version": "0.0.0",
      "resolved": "https://registry.npmjs.org/point-geometry/-/point-geometry-0.0.0.tgz",
      "integrity": "sha1-b8vK16gDtkGCR91uScKFPFhNr/c="
    },
    "protocol-buffers-schema": {
      "version": "3.5.1",
      "resolved": "https://registry.npmjs.org/protocol-buffers-schema/-/protocol-buffers-schema-3.5.1.tgz",
      "integrity": "sha512-YVCvdhxWNDP8/nJDyXLuM+UFsuPk4+1PB7WGPVDzm3HTHbzFLxQYeW2iZpS4mmnXrQJGBzt230t/BbEb7PrQaw=="
    },
    "resolve-protobuf-schema": {
      "version": "2.1.0",
      "resolved": "https://registry.npmjs.org/resolve-protobuf-schema/-/resolve-protobuf-schema-2.1.0.tgz",
      "integrity": "sha512-kI5ffTiZWmJaS/huM8wZfEMer1eRd7oJQhDuxeCLe3t7N7mX3z94CN0xPxBQxFYQTSNz9T0i+v6inKqSdK8xrQ==",
      "requires": {
        "protocol-buffers-schema": "^3.3.1"
      }
    },
    "select2": {
      "version": "4.0.13",
      "resolved": "https://registry.npmjs.org/select2/-/select2-4.0.13.tgz",
      "integrity": "sha512-1JeB87s6oN/TDxQQYCvS5EFoQyvV6eYMZZ0AeA4tdFDYWN3BAGZ8npr17UBFddU0lgAt3H0yjX3X6/ekOj1yjw=="
    },
    "select2-bootstrap4-theme": {
      "version": "1.0.0",
      "resolved": "https://registry.npmjs.org/select2-bootstrap4-theme/-/select2-bootstrap4-theme-1.0.0.tgz",
      "integrity": "sha512-H5v9fd5JWqYKZZ0T8jB5cIrAhWdAIbr3K0pkfuUebcEZqFXlPtZSKoANzJc/qbDzj0/Sle1h/4APpVPveiR/VA=="
    },
    "topojson-client": {
      "version": "2.1.0",
      "resolved": "https://registry.npmjs.org/topojson-client/-/topojson-client-2.1.0.tgz",
      "integrity": "sha1-/59784mRGF4LQoTCsGroNPDqxsg=",
      "requires": {
        "commander": "2"
      }
    },
    "vector-tile": {
      "version": "1.3.0",
      "resolved": "https://registry.npmjs.org/vector-tile/-/vector-tile-1.3.0.tgz",
      "integrity": "sha1-BtUWqDsGPwTILvU5zxuxrr62lrQ=",
      "requires": {
        "point-geometry": "0.0.0"
      }
    },
    "vue": {
      "version": "2.6.12",
      "resolved": "https://registry.npmjs.org/vue/-/vue-2.6.12.tgz",
      "integrity": "sha512-uhmLFETqPPNyuLLbsKz6ioJ4q7AZHzD8ZVFNATNyICSZouqP2Sz0rotWQC8UNBF6VGSCs5abnKJoStA6JbCbfg=="
    },
    "vue-select": {
      "version": "3.11.2",
      "resolved": "https://registry.npmjs.org/vue-select/-/vue-select-3.11.2.tgz",
      "integrity": "sha512-pIOcY8ajWNSwg8Ns4eHVr5ZWwqKCSZeQRymTnlUI8i+3QiQXF6JIM4lylK6mVfbccs4S6vOyxB7zmJBpp7tDUg=="
    },
    "vuex": {
      "version": "3.6.2",
      "resolved": "https://registry.npmjs.org/vuex/-/vuex-3.6.2.tgz",
      "integrity": "sha512-ETW44IqCgBpVomy520DT5jf8n0zoCac+sxWnn+hMe/CzaSejb/eVw2YToiXYX+Ex/AuHHia28vWTq4goAexFbw=="
    },
    "whatwg-fetch": {
      "version": "2.0.4",
      "resolved": "https://registry.npmjs.org/whatwg-fetch/-/whatwg-fetch-2.0.4.tgz",
      "integrity": "sha512-dcQ1GWpOD/eEQ97k66aiEVpNnapVj90/+R+SXTPYGHpYBBypfKJEQjLrvMZ7YXbKm21gXd4NcuxUTjiv1YtLng=="
    }
  }
}
